
Microsoft Visual Studio Solution File, Format Version 12.00
# Visual Studio Version 16
VisualStudioVersion = 16.0.31729.503
MinimumVisualStudioVersion = 10.0.40219.1
Project("{FAE04EC0-301F-11D3-BF4B-00C04F79EFBC}") = "SAOD_3", "SAOD_3\SAOD_3.csproj", "{576F3574-4486-4F70-BD40-D296A14FE4CA}"
EndProject
Global
	GlobalSection(SolutionConfigurationPlatforms) = preSolution
		Debug|Any CPU = Debug|Any CPU
		Release|Any CPU = Release|Any CPU
	EndGlobalSection
	GlobalSection(ProjectConfigurationPlatforms) = postSolution
		{576F3574-4486-4F70-BD40-D296A14FE4CA}.Debug|Any CPU.ActiveCfg = Debug|Any CPU
		{576F3574-4486-4F70-BD40-D296A14FE4CA}.Debug|Any CPU.Build.0 = Debug|Any CPU
		{576F3574-4486-4F70-BD40-D296A14FE4CA}.Release|Any CPU.ActiveCfg = Release|Any CPU
		{576F3574-4486-4F70-BD40-D296A14FE4CA}.Release|Any CPU.Build.0 = Release|Any CPU
	EndGlobalSection
	GlobalSection(SolutionProperties) = preSolution
		HideSolutionNode = FALSE
	EndGlobalSection
	GlobalSection(ExtensibilityGlobals) = postSolution
		SolutionGuid = {BA7A06EC-F0EB-48BC-896E-2F5B85ACB983}
	EndGlobalSection
EndGlobal
